
Microsoft Visual Studio Solution File, Format Version 12.00
# Visual Studio Version 17
VisualStudioVersion = 17.13.35919.96
MinimumVisualStudioVersion = 10.0.40219.1
Project("{54A90642-561A-4BB1-A94E-469ADEE60C69}") = "blablablablog.client", "BlablablaBlog\blablablablog.client\blablablablog.client.esproj", "{4E5C1C9C-19B3-9AB5-2E67-1798271972C2}"
EndProject
Project("{FAE04EC0-301F-11D3-BF4B-00C04F79EFBC}") = "BlablablaBlog.Server", "BlablablaBlog\BlablablaBlog.Server\BlablablaBlog.Server.csproj", "{0018E19E-11FE-4BCE-9023-C7BFDD17EA90}"
EndProject
Global
	GlobalSection(SolutionConfigurationPlatforms) = preSolution
		Debug|Any CPU = Debug|Any CPU
		Release|Any CPU = Release|Any CPU
	EndGlobalSection
	GlobalSection(ProjectConfigurationPlatforms) = postSolution
		{4E5C1C9C-19B3-9AB5-2E67-1798271972C2}.Debug|Any CPU.ActiveCfg = Debug|Any CPU
		{4E5C1C9C-19B3-9AB5-2E67-1798271972C2}.Debug|Any CPU.Build.0 = Debug|Any CPU
		{4E5C1C9C-19B3-9AB5-2E67-1798271972C2}.Debug|Any CPU.Deploy.0 = Debug|Any CPU
		{4E5C1C9C-19B3-9AB5-2E67-1798271972C2}.Release|Any CPU.ActiveCfg = Release|Any CPU
		{4E5C1C9C-19B3-9AB5-2E67-1798271972C2}.Release|Any CPU.Build.0 = Release|Any CPU
		{4E5C1C9C-19B3-9AB5-2E67-1798271972C2}.Release|Any CPU.Deploy.0 = Release|Any CPU
		{0018E19E-11FE-4BCE-9023-C7BFDD17EA90}.Debug|Any CPU.ActiveCfg = Debug|Any CPU
		{0018E19E-11FE-4BCE-9023-C7BFDD17EA90}.Debug|Any CPU.Build.0 = Debug|Any CPU
		{0018E19E-11FE-4BCE-9023-C7BFDD17EA90}.Release|Any CPU.ActiveCfg = Release|Any CPU
		{0018E19E-11FE-4BCE-9023-C7BFDD17EA90}.Release|Any CPU.Build.0 = Release|Any CPU
	EndGlobalSection
	GlobalSection(SolutionProperties) = preSolution
		HideSolutionNode = FALSE
	EndGlobalSection
	GlobalSection(ExtensibilityGlobals) = postSolution
		SolutionGuid = {3FB58732-2D5C-4EED-BF66-F01F667C6725}
	EndGlobalSection
EndGlobal
